{
  "name": "mavlink-schema",
  "version": "1.0.0",
  "lockfileVersion": 3,
  "requires": true,
  "packages": {
    "": {
      "name": "mavlink-schema",
      "version": "1.0.0",
      "license": "MIT",
      "dependencies": {
        "jstoxml": "^7.1.0"
      }
    },
    "node_modules/jstoxml": {
      "version": "7.1.0",
      "resolved": "https://registry.npmjs.org/jstoxml/-/jstoxml-7.1.0.tgz",
      "integrity": "sha512-IUETuZk3Gza+5xcG85DA00UuBXjpvyDsHXuSgj/wk6WtLSRDBSYNFNG/bGvUR8jzC0cyk2Xe9uL6qi4tTAOaGg==",
      "license": "MIT"
    }
  }
}
